
Microsoft Visual Studio Solution File, Format Version 12.00
# Visual Studio Version 17
VisualStudioVersion = 17.14.36811.4 d17.14
MinimumVisualStudioVersion = 10.0.40219.1
Project("{FAE04EC0-301F-11D3-BF4B-00C04F79EFBC}") = "TrabalhoPOO", "TrabalhoPOO\TrabalhoPOO.csproj", "{BD678DD9-79EB-4A04-B50A-45B4A8D07FC5}"
EndProject
Global
	GlobalSection(SolutionConfigurationPlatforms) = preSolution
		Debug|Any CPU = Debug|Any CPU
		Release|Any CPU = Release|Any CPU
	EndGlobalSection
	GlobalSection(ProjectConfigurationPlatforms) = postSolution
		{BD678DD9-79EB-4A04-B50A-45B4A8D07FC5}.Debug|Any CPU.ActiveCfg = Debug|Any CPU
		{BD678DD9-79EB-4A04-B50A-45B4A8D07FC5}.Debug|Any CPU.Build.0 = Debug|Any CPU
		{BD678DD9-79EB-4A04-B50A-45B4A8D07FC5}.Release|Any CPU.ActiveCfg = Release|Any CPU
		{BD678DD9-79EB-4A04-B50A-45B4A8D07FC5}.Release|Any CPU.Build.0 = Release|Any CPU
	EndGlobalSection
	GlobalSection(SolutionProperties) = preSolution
		HideSolutionNode = FALSE
	EndGlobalSection
	GlobalSection(ExtensibilityGlobals) = postSolution
		SolutionGuid = {9A0456E1-2ADD-43B3-865A-1C58FA8E9E8D}
	EndGlobalSection
EndGlobal
